// !$*UTF8*$!
{
	archiveVersion = 1;
	classes = {
	};
	objectVersion = 56;
	objects = {

/* Begin PBXBuildFile section */
		22EF1C2B2C3A297A00A2E825 /* demo_iosApp.swift in Sources */ = {isa = PBXBuildFile; fileRef = 22EF1C2A2C3A297A00A2E825 /* demo_iosApp.swift */; };
		22EF1C2D2C3A297A00A2E825 /* ContentView.swift in Sources */ = {isa = PBXBuildFile; fileRef = 22EF1C2C2C3A297A00A2E825 /* ContentView.swift */; };
		22EF1C2F2C3A297B00A2E825 /* Assets.xcassets in Resources */ = {isa = PBXBuildFile; fileRef = 22EF1C2E2C3A297B00A2E825 /* Assets.xcassets */; };
		22EF1C322C3A297B00A2E825 /* Preview Assets.xcassets in Resources */ = {isa = PBXBuildFile; fileRef = 22EF1C312C3A297B00A2E825 /* Preview Assets.xcassets */; };
		22EF1C3C2C3A297C00A2E825 /* demo_iosTests.swift in Sources */ = {isa = PBXBuildFile; fileRef = 22EF1C3B2C3A297C00A2E825 /* demo_iosTests.swift */; };
		22EF1C462C3A297C00A2E825 /* demo_iosUITests.swift in Sources */ = {isa = PBXBuildFile; fileRef = 22EF1C452C3A297C00A2E825 /* demo_iosUITests.swift */; };
		22EF1C482C3A297C00A2E825 /* demo_iosUITestsLaunchTests.swift in Sources */ = {isa = PBXBuildFile; fileRef = 22EF1C472C3A297C00A2E825 /* demo_iosUITestsLaunchTests.swift */; };
		22EF1C582C3B75E200A2E825 /* Article.swift in Sources */ = {isa = PBXBuildFile; fileRef = 22EF1C572C3B75E200A2E825 /* Article.swift */; };
		22EF1C5A2C3B76C100A2E825 /* NetworkManager.swift in Sources */ = {isa = PBXBuildFile; fileRef = 22EF1C592C3B76C100A2E825 /* NetworkManager.swift */; };
		22EF1C5C2C3BA5B400A2E825 /* ArticleView.swift in Sources */ = {isa = PBXBuildFile; fileRef = 22EF1C5B2C3BA5B400A2E825 /* ArticleView.swift */; };
/* End PBXBuildFile section */

/* Begin PBXContainerItemProxy section */
		22EF1C382C3A297C00A2E825 /* PBXContainerItemProxy */ = {
			isa = PBXContainerItemProxy;
			containerPortal = 22EF1C1F2C3A297A00A2E825 /* Project object */;
			proxyType = 1;
			remoteGlobalIDString = 22EF1C262C3A297A00A2E825;
			remoteInfo = "demo-ios";
		};
		22EF1C422C3A297C00A2E825 /* PBXContainerItemProxy */ = {
			isa = PBXContainerItemProxy;
			containerPortal = 22EF1C1F2C3A297A00A2E825 /* Project object */;
			proxyType = 1;
			remoteGlobalIDString = 22EF1C262C3A297A00A2E825;
			remoteInfo = "demo-ios";
		};
/* End PBXContainerItemProxy section */

/* Begin PBXFileReference section */
		22EF1C272C3A297A00A2E825 /* demo-ios.app */ = {isa = PBXFileReference; explicitFileType = wrapper.application; includeInIndex = 0; path = "demo-ios.app"; sourceTree = BUILT_PRODUCTS_DIR; };
		22EF1C2A2C3A297A00A2E825 /* demo_iosApp.swift */ = {isa = PBXFileReference; lastKnownFileType = sourcecode.swift; path = demo_iosApp.swift; sourceTree = "<group>"; };
		22EF1C2C2C3A297A00A2E825 /* ContentView.swift */ = {isa = PBXFileReference; lastKnownFileType = sourcecode.swift; path = ContentView.swift; sourceTree = "<group>"; };
		22EF1C2E2C3A297B00A2E825 /* Assets.xcassets */ = {isa = PBXFileReference; lastKnownFileType = folder.assetcatalog; path = Assets.xcassets; sourceTree = "<group>"; };
		22EF1C312C3A297B00A2E825 /* Preview Assets.xcassets */ = {isa = PBXFileReference; lastKnownFileType = folder.assetcatalog; path = "Preview Assets.xcassets"; sourceTree = "<group>"; };
		22EF1C372C3A297C00A2E825 /* demo-iosTests.xctest */ = {isa = PBXFileReference; explicitFileType = wrapper.cfbundle; includeInIndex = 0; path = "demo-iosTests.xctest"; sourceTree = BUILT_PRODUCTS_DIR; };
		22EF1C3B2C3A297C00A2E825 /* demo_iosTests.swift */ = {isa = PBXFileReference; lastKnownFileType = sourcecode.swift; path = demo_iosTests.swift; sourceTree = "<group>"; };
		22EF1C412C3A297C00A2E825 /* demo-iosUITests.xctest */ = {isa = PBXFileReference; explicitFileType = wrapper.cfbundle; includeInIndex = 0; path = "demo-iosUITests.xctest"; sourceTree = BUILT_PRODUCTS_DIR; };
		22EF1C452C3A297C00A2E825 /* demo_iosUITests.swift */ = {isa = PBXFileReference; lastKnownFileType = sourcecode.swift; path = demo_iosUITests.swift; sourceTree = "<group>"; };
		22EF1C472C3A297C00A2E825 /* demo_iosUITestsLaunchTests.swift */ = {isa = PBXFileReference; lastKnownFileType = sourcecode.swift; path = demo_iosUITestsLaunchTests.swift; sourceTree = "<group>"; };
		22EF1C572C3B75E200A2E825 /* Article.swift */ = {isa = PBXFileReference; lastKnownFileType = sourcecode.swift; path = Article.swift; sourceTree = "<group>"; };
		22EF1C592C3B76C100A2E825 /* NetworkManager.swift */ = {isa = PBXFileReference; lastKnownFileType = sourcecode.swift; path = NetworkManager.swift; sourceTree = "<group>"; };
		22EF1C5B2C3BA5B400A2E825 /* ArticleView.swift */ = {isa = PBXFileReference; lastKnownFileType = sourcecode.swift; path = ArticleView.swift; sourceTree = "<group>"; };
/* End PBXFileReference section */

/* Begin PBXFrameworksBuildPhase section */
		22EF1C242C3A297A00A2E825 /* Frameworks */ = {
			isa = PBXFrameworksBuildPhase;
			buildActionMask = 2147483647;
			files = (
			);
			runOnlyForDeploymentPostprocessing = 0;
		};
		22EF1C342C3A297C00A2E825 /* Frameworks */ = {
			isa = PBXFrameworksBuildPhase;
			buildActionMask = 2147483647;
			files = (
			);
			runOnlyForDeploymentPostprocessing = 0;
		};
		22EF1C3E2C3A297C00A2E825 /* Frameworks */ = {
			isa = PBXFrameworksBuildPhase;
			buildActionMask = 2147483647;
			files = (
			);
			runOnlyForDeploymentPostprocessing = 0;
		};
/* End PBXFrameworksBuildPhase section */

/* Begin PBXGroup section */
		22EF1C1E2C3A297A00A2E825 = {
			isa = PBXGroup;
			children = (
				22EF1C292C3A297A00A2E825 /* demo-ios */,
				22EF1C3A2C3A297C00A2E825 /* demo-iosTests */,
				22EF1C442C3A297C00A2E825 /* demo-iosUITests */,
				22EF1C282C3A297A00A2E825 /* Products */,
			);
			sourceTree = "<group>";
		};
		22EF1C282C3A297A00A2E825 /* Products */ = {
			isa = PBXGroup;
			children = (
				22EF1C272C3A297A00A2E825 /* demo-ios.app */,
				22EF1C372C3A297C00A2E825 /* demo-iosTests.xctest */,
				22EF1C412C3A297C00A2E825 /* demo-iosUITests.xctest */,
			);
			name = Products;
			sourceTree = "<group>";
		};
		22EF1C292C3A297A00A2E825 /* demo-ios */ = {
			isa = PBXGroup;
			children = (
				22EF1C562C3B74A000A2E825 /* Views */,
				22EF1C552C3B749100A2E825 /* ViewModels */,
				22EF1C542C3B748200A2E825 /* Models */,
				22EF1C2A2C3A297A00A2E825 /* demo_iosApp.swift */,
				22EF1C2E2C3A297B00A2E825 /* Assets.xcassets */,
				22EF1C302C3A297B00A2E825 /* Preview Content */,
			);
			path = "demo-ios";
			sourceTree = "<group>";
		};
		22EF1C302C3A297B00A2E825 /* Preview Content */ = {
			isa = PBXGroup;
			children = (
				22EF1C312C3A297B00A2E825 /* Preview Assets.xcassets */,
			);
			path = "Preview Content";
			sourceTree = "<group>";
		};
		22EF1C3A2C3A297C00A2E825 /* demo-iosTests */ = {
			isa = PBXGroup;
			children = (
				22EF1C3B2C3A297C00A2E825 /* demo_iosTests.swift */,
			);
			path = "demo-iosTests";
			sourceTree = "<group>";
		};
		22EF1C442C3A297C00A2E825 /* demo-iosUITests */ = {
			isa = PBXGroup;
			children = (
				22EF1C452C3A297C00A2E825 /* demo_iosUITests.swift */,
				22EF1C472C3A297C00A2E825 /* demo_iosUITestsLaunchTests.swift */,
			);
			path = "demo-iosUITests";
			sourceTree = "<group>";
		};
		22EF1C542C3B748200A2E825 /* Models */ = {
			isa = PBXGroup;
			children = (
				22EF1C572C3B75E200A2E825 /* Article.swift */,
			);
			path = Models;
			sourceTree = "<group>";
		};
		22EF1C552C3B749100A2E825 /* ViewModels */ = {
			isa = PBXGroup;
			children = (
				22EF1C592C3B76C100A2E825 /* NetworkManager.swift */,
			);
			path = ViewModels;
			sourceTree = "<group>";
		};
		22EF1C562C3B74A000A2E825 /* Views */ = {
			isa = PBXGroup;
			children = (
				22EF1C2C2C3A297A00A2E825 /* ContentView.swift */,
				22EF1C5B2C3BA5B400A2E825 /* ArticleView.swift */,
			);
			path = Views;
			sourceTree = "<group>";
		};
/* End PBXGroup section */

/* Begin PBXNativeTarget section */
		22EF1C262C3A297A00A2E825 /* demo-ios */ = {
			isa = PBXNativeTarget;
			buildConfigurationList = 22EF1C4B2C3A297C00A2E825 /* Build configuration list for PBXNativeTarget "demo-ios" */;
			buildPhases = (
				22EF1C232C3A297A00A2E825 /* Sources */,
				22EF1C242C3A297A00A2E825 /* Frameworks */,
				22EF1C252C3A297A00A2E825 /* Resources */,
			);
			buildRules = (
			);
			dependencies = (
			);
			name = "demo-ios";
			productName = "demo-ios";
			productReference = 22EF1C272C3A297A00A2E825 /* demo-ios.app */;
			productType = "com.apple.product-type.application";
		};
		22EF1C362C3A297C00A2E825 /* demo-iosTests */ = {
			isa = PBXNativeTarget;
			buildConfigurationList = 22EF1C4E2C3A297C00A2E825 /* Build configuration list for PBXNativeTarget "demo-iosTests" */;
			buildPhases = (
				22EF1C332C3A297C00A2E825 /* Sources */,
				22EF1C342C3A297C00A2E825 /* Frameworks */,
				22EF1C352C3A297C00A2E825 /* Resources */,
			);
			buildRules = (
			);
			dependencies = (
				22EF1C392C3A297C00A2E825 /* PBXTargetDependency */,
			);
			name = "demo-iosTests";
			productName = "demo-iosTests";
			productReference = 22EF1C372C3A297C00A2E825 /* demo-iosTests.xctest */;
			productType = "com.apple.product-type.bundle.unit-test";
		};
		22EF1C402C3A297C00A2E825 /* demo-iosUITests */ = {
			isa = PBXNativeTarget;
			buildConfigurationList = 22EF1C512C3A297C00A2E825 /* Build configuration list for PBXNativeTarget "demo-iosUITests" */;
			buildPhases = (
				22EF1C3D2C3A297C00A2E825 /* Sources */,
				22EF1C3E2C3A297C00A2E825 /* Frameworks */,
				22EF1C3F2C3A297C00A2E825 /* Resources */,
			);
			buildRules = (
			);
			dependencies = (
				22EF1C432C3A297C00A2E825 /* PBXTargetDependency */,
			);
			name = "demo-iosUITests";
			productName = "demo-iosUITests";
			productReference = 22EF1C412C3A297C00A2E825 /* demo-iosUITests.xctest */;
			productType = "com.apple.product-type.bundle.ui-testing";
		};
/* End PBXNativeTarget section */

/* Begin PBXProject section */
		22EF1C1F2C3A297A00A2E825 /* Project object */ = {
			isa = PBXProject;
			attributes = {
				BuildIndependentTargetsInParallel = 1;
				LastSwiftUpdateCheck = 1540;
				LastUpgradeCheck = 1540;
				TargetAttributes = {
					22EF1C262C3A297A00A2E825 = {
						CreatedOnToolsVersion = 15.4;
					};
					22EF1C362C3A297C00A2E825 = {
						CreatedOnToolsVersion = 15.4;
						TestTargetID = 22EF1C262C3A297A00A2E825;
					};
					22EF1C402C3A297C00A2E825 = {
						CreatedOnToolsVersion = 15.4;
						TestTargetID = 22EF1C262C3A297A00A2E825;
					};
				};
			};
			buildConfigurationList = 22EF1C222C3A297A00A2E825 /* Build configuration list for PBXProject "demo-ios" */;
			compatibilityVersion = "Xcode 14.0";
			developmentRegion = en;
			hasScannedForEncodings = 0;
			knownRegions = (
				en,
				Base,
			);
			mainGroup = 22EF1C1E2C3A297A00A2E825;
			productRefGroup = 22EF1C282C3A297A00A2E825 /* Products */;
			projectDirPath = "";
			projectRoot = "";
			targets = (
				22EF1C262C3A297A00A2E825 /* demo-ios */,
				22EF1C362C3A297C00A2E825 /* demo-iosTests */,
				22EF1C402C3A297C00A2E825 /* demo-iosUITests */,
			);
		};
/* End PBXProject section */

/* Begin PBXResourcesBuildPhase section */
		22EF1C252C3A297A00A2E825 /* Resources */ = {
			isa = PBXResourcesBuildPhase;
			buildActionMask = 2147483647;
			files = (
				22EF1C322C3A297B00A2E825 /* Preview Assets.xcassets in Resources */,
				22EF1C2F2C3A297B00A2E825 /* Assets.xcassets in Resources */,
			);
			runOnlyForDeploymentPostprocessing = 0;
		};
		22EF1C352C3A297C00A2E825 /* Resources */ = {
			isa = PBXResourcesBuildPhase;
			buildActionMask = 2147483647;
			files = (
			);
			runOnlyForDeploymentPostprocessing = 0;
		};
		22EF1C3F2C3A297C00A2E825 /* Resources */ = {
			isa = PBXResourcesBuildPhase;
			buildActionMask = 2147483647;
			files = (
			);
			runOnlyForDeploymentPostprocessing = 0;
		};
/* End PBXResourcesBuildPhase section */

/* Begin PBXSourcesBuildPhase section */
		22EF1C232C3A297A00A2E825 /* Sources */ = {
			isa = PBXSourcesBuildPhase;
			buildActionMask = 2147483647;
			files = (
				22EF1C5A2C3B76C100A2E825 /* NetworkManager.swift in Sources */,
				22EF1C2D2C3A297A00A2E825 /* ContentView.swift in Sources */,
				22EF1C5C2C3BA5B400A2E825 /* ArticleView.swift in Sources */,
				22EF1C2B2C3A297A00A2E825 /* demo_iosApp.swift in Sources */,
				22EF1C582C3B75E200A2E825 /* Article.swift in Sources */,
			);
			runOnlyForDeploymentPostprocessing = 0;
		};
		22EF1C332C3A297C00A2E825 /* Sources */ = {
			isa = PBXSourcesBuildPhase;
			buildActionMask = 2147483647;
			files = (
				22EF1C3C2C3A297C00A2E825 /* demo_iosTests.swift in Sources */,
			);
			runOnlyForDeploymentPostprocessing = 0;
		};
		22EF1C3D2C3A297C00A2E825 /* Sources */ = {
			isa = PBXSourcesBuildPhase;
			buildActionMask = 2147483647;
			files = (
				22EF1C482C3A297C00A2E825 /* demo_iosUITestsLaunchTests.swift in Sources */,
				22EF1C462C3A297C00A2E825 /* demo_iosUITests.swift in Sources */,
			);
			runOnlyForDeploymentPostprocessing = 0;
		};
/* End PBXSourcesBuildPhase section */

/* Begin PBXTargetDependency section */
		22EF1C392C3A297C00A2E825 /* PBXTargetDependency */ = {
			isa = PBXTargetDependency;
			target = 22EF1C262C3A297A00A2E825 /* demo-ios */;
			targetProxy = 22EF1C382C3A297C00A2E825 /* PBXContainerItemProxy */;
		};
		22EF1C432C3A297C00A2E825 /* PBXTargetDependency */ = {
			isa = PBXTargetDependency;
			target = 22EF1C262C3A297A00A2E825 /* demo-ios */;
			targetProxy = 22EF1C422C3A297C00A2E825 /* PBXContainerItemProxy */;
		};
/* End PBXTargetDependency section */

/* Begin XCBuildConfiguration section */
		22EF1C492C3A297C00A2E825 /* Debug */ = {
			isa = XCBuildConfiguration;
			buildSettings = {
				ALWAYS_SEARCH_USER_PATHS = NO;
				ASSETCATALOG_COMPILER_GENERATE_SWIFT_ASSET_SYMBOL_EXTENSIONS = YES;
				CLANG_ANALYZER_NONNULL = YES;
				CLANG_ANALYZER_NUMBER_OBJECT_CONVERSION = YES_AGGRESSIVE;
				CLANG_CXX_LANGUAGE_STANDARD = "gnu++20";
				CLANG_ENABLE_MODULES = YES;
				CLANG_ENABLE_OBJC_ARC = YES;
				CLANG_ENABLE_OBJC_WEAK = YES;
				CLANG_WARN_BLOCK_CAPTURE_AUTORELEASING = YES;
				CLANG_WARN_BOOL_CONVERSION = YES;
				CLANG_WARN_COMMA = YES;
				CLANG_WARN_CONSTANT_CONVERSION = YES;
				CLANG_WARN_DEPRECATED_OBJC_IMPLEMENTATIONS = YES;
				CLANG_WARN_DIRECT_OBJC_ISA_USAGE = YES_ERROR;
				CLANG_WARN_DOCUMENTATION_COMMENTS = YES;
				CLANG_WARN_EMPTY_BODY = YES;
				CLANG_WARN_ENUM_CONVERSION = YES;
				CLANG_WARN_INFINITE_RECURSION = YES;
				CLANG_WARN_INT_CONVERSION = YES;
				CLANG_WARN_NON_LITERAL_NULL_CONVERSION = YES;
				CLANG_WARN_OBJC_IMPLICIT_RETAIN_SELF = YES;
				CLANG_WARN_OBJC_LITERAL_CONVERSION = YES;
				CLANG_WARN_OBJC_ROOT_CLASS = YES_ERROR;
				CLANG_WARN_QUOTED_INCLUDE_IN_FRAMEWORK_HEADER = YES;
				CLANG_WARN_RANGE_LOOP_ANALYSIS = YES;
				CLANG_WARN_STRICT_PROTOTYPES = YES;
				CLANG_WARN_SUSPICIOUS_MOVE = YES;
				CLANG_WARN_UNGUARDED_AVAILABILITY = YES_AGGRESSIVE;
				CLANG_WARN_UNREACHABLE_CODE = YES;
				CLANG_WARN__DUPLICATE_METHOD_MATCH = YES;
				COPY_PHASE_STRIP = NO;
				DEBUG_INFORMATION_FORMAT = dwarf;
				ENABLE_STRICT_OBJC_MSGSEND = YES;
				ENABLE_TESTABILITY = YES;
				ENABLE_USER_SCRIPT_SANDBOXING = YES;
				GCC_C_LANGUAGE_STANDARD = gnu17;
				GCC_DYNAMIC_NO_PIC = NO;
				GCC_NO_COMMON_BLOCKS = YES;
				GCC_OPTIMIZATION_LEVEL = 0;
				GCC_PREPROCESSOR_DEFINITIONS = (
					"DEBUG=1",
					"$(inherited)",
				);
				GCC_WARN_64_TO_32_BIT_CONVERSION = YES;
				GCC_WARN_ABOUT_RETURN_TYPE = YES_ERROR;
				GCC_WARN_UNDECLARED_SELECTOR = YES;
				GCC_WARN_UNINITIALIZED_AUTOS = YES_AGGRESSIVE;
				GCC_WARN_UNUSED_FUNCTION = YES;
				GCC_WARN_UNUSED_VARIABLE = YES;
				IPHONEOS_DEPLOYMENT_TARGET = 17.5;
				LOCALIZATION_PREFERS_STRING_CATALOGS = YES;
				MTL_ENABLE_DEBUG_INFO = INCLUDE_SOURCE;
				MTL_FAST_MATH = YES;
				ONLY_ACTIVE_ARCH = YES;
				SDKROOT = iphoneos;
				SWIFT_ACTIVE_COMPILATION_CONDITIONS = "DEBUG $(inherited)";
				SWIFT_OPTIMIZATION_LEVEL = "-Onone";
			};
			name = Debug;
		};
		22EF1C4A2C3A297C00A2E825 /* Release */ = {
			isa = XCBuildConfiguration;
			buildSettings = {
				ALWAYS_SEARCH_USER_PATHS = NO;
				ASSETCATALOG_COMPILER_GENERATE_SWIFT_ASSET_SYMBOL_EXTENSIONS = YES;
				CLANG_ANALYZER_NONNULL = YES;
				CLANG_ANALYZER_NUMBER_OBJECT_CONVERSION = YES_AGGRESSIVE;
				CLANG_CXX_LANGUAGE_STANDARD = "gnu++20";
				CLANG_ENABLE_MODULES = YES;
				CLANG_ENABLE_OBJC_ARC = YES;
				CLANG_ENABLE_OBJC_WEAK = YES;
				CLANG_WARN_BLOCK_CAPTURE_AUTORELEASING = YES;
				CLANG_WARN_BOOL_CONVERSION = YES;
				CLANG_WARN_COMMA = YES;
				CLANG_WARN_CONSTANT_CONVERSION = YES;
				CLANG_WARN_DEPRECATED_OBJC_IMPLEMENTATIONS = YES;
				CLANG_WARN_DIRECT_OBJC_ISA_USAGE = YES_ERROR;
				CLANG_WARN_DOCUMENTATION_COMMENTS = YES;
				CLANG_WARN_EMPTY_BODY = YES;
				CLANG_WARN_ENUM_CONVERSION = YES;
				CLANG_WARN_INFINITE_RECURSION = YES;
				CLANG_WARN_INT_CONVERSION = YES;
				CLANG_WARN_NON_LITERAL_NULL_CONVERSION = YES;
				CLANG_WARN_OBJC_IMPLICIT_RETAIN_SELF = YES;
				CLANG_WARN_OBJC_LITERAL_CONVERSION = YES;
				CLANG_WARN_OBJC_ROOT_CLASS = YES_ERROR;
				CLANG_WARN_QUOTED_INCLUDE_IN_FRAMEWORK_HEADER = YES;
				CLANG_WARN_RANGE_LOOP_ANALYSIS = YES;
				CLANG_WARN_STRICT_PROTOTYPES = YES;
				CLANG_WARN_SUSPICIOUS_MOVE = YES;
				CLANG_WARN_UNGUARDED_AVAILABILITY = YES_AGGRESSIVE;
				CLANG_WARN_UNREACHABLE_CODE = YES;
				CLANG_WARN__DUPLICATE_METHOD_MATCH = YES;
				COPY_PHASE_STRIP = NO;
				DEBUG_INFORMATION_FORMAT = "dwarf-with-dsym";
				ENABLE_NS_ASSERTIONS = NO;
				ENABLE_STRICT_OBJC_MSGSEND = YES;
				ENABLE_USER_SCRIPT_SANDBOXING = YES;
				GCC_C_LANGUAGE_STANDARD = gnu17;
				GCC_NO_COMMON_BLOCKS = YES;
				GCC_WARN_64_TO_32_BIT_CONVERSION = YES;
				GCC_WARN_ABOUT_RETURN_TYPE = YES_ERROR;
				GCC_WARN_UNDECLARED_SELECTOR = YES;
				GCC_WARN_UNINITIALIZED_AUTOS = YES_AGGRESSIVE;
				GCC_WARN_UNUSED_FUNCTION = YES;
				GCC_WARN_UNUSED_VARIABLE = YES;
				IPHONEOS_DEPLOYMENT_TARGET = 17.5;
				LOCALIZATION_PREFERS_STRING_CATALOGS = YES;
				MTL_ENABLE_DEBUG_INFO = NO;
				MTL_FAST_MATH = YES;
				SDKROOT = iphoneos;
				SWIFT_COMPILATION_MODE = wholemodule;
				VALIDATE_PRODUCT = YES;
			};
			name = Release;
		};
		22EF1C4C2C3A297C00A2E825 /* Debug */ = {
			isa = XCBuildConfiguration;
			buildSettings = {
				ASSETCATALOG_COMPILER_APPICON_NAME = AppIcon;
				ASSETCATALOG_COMPILER_GLOBAL_ACCENT_COLOR_NAME = AccentColor;
				CODE_SIGN_STYLE = Automatic;
				CURRENT_PROJECT_VERSION = 1;
				DEVELOPMENT_ASSET_PATHS = "\"demo-ios/Preview Content\"";
				ENABLE_PREVIEWS = YES;
				GENERATE_INFOPLIST_FILE = YES;
				INFOPLIST_KEY_UIApplicationSceneManifest_Generation = YES;
				INFOPLIST_KEY_UIApplicationSupportsIndirectInputEvents = YES;
				INFOPLIST_KEY_UILaunchScreen_Generation = YES;
				INFOPLIST_KEY_UISupportedInterfaceOrientations_iPad = "UIInterfaceOrientationPortrait UIInterfaceOrientationPortraitUpsideDown UIInterfaceOrientationLandscapeLeft UIInterfaceOrientationLandscapeRight";
				INFOPLIST_KEY_UISupportedInterfaceOrientations_iPhone = "UIInterfaceOrientationPortrait UIInterfaceOrientationLandscapeLeft UIInterfaceOrientationLandscapeRight";
				LD_RUNPATH_SEARCH_PATHS = (
					"$(inherited)",
					"@executable_path/Frameworks",
				);
				MARKETING_VERSION = 1.0;
				PRODUCT_BUNDLE_IDENTIFIER = "personal.demo-ios";
				PRODUCT_NAME = "$(TARGET_NAME)";
				SWIFT_EMIT_LOC_STRINGS = YES;
				SWIFT_VERSION = 5.0;
				TARGETED_DEVICE_FAMILY = "1,2";
			};
			name = Debug;
		};
		22EF1C4D2C3A297C00A2E825 /* Release */ = {
			isa = XCBuildConfiguration;
			buildSettings = {
				ASSETCATALOG_COMPILER_APPICON_NAME = AppIcon;
				ASSETCATALOG_COMPILER_GLOBAL_ACCENT_COLOR_NAME = AccentColor;
				CODE_SIGN_STYLE = Automatic;
				CURRENT_PROJECT_VERSION = 1;
				DEVELOPMENT_ASSET_PATHS = "\"demo-ios/Preview Content\"";
				ENABLE_PREVIEWS = YES;
				GENERATE_INFOPLIST_FILE = YES;
				INFOPLIST_KEY_UIApplicationSceneManifest_Generation = YES;
				INFOPLIST_KEY_UIApplicationSupportsIndirectInputEvents = YES;
				INFOPLIST_KEY_UILaunchScreen_Generation = YES;
				INFOPLIST_KEY_UISupportedInterfaceOrientations_iPad = "UIInterfaceOrientationPortrait UIInterfaceOrientationPortraitUpsideDown UIInterfaceOrientationLandscapeLeft UIInterfaceOrientationLandscapeRight";
				INFOPLIST_KEY_UISupportedInterfaceOrientations_iPhone = "UIInterfaceOrientationPortrait UIInterfaceOrientationLandscapeLeft UIInterfaceOrientationLandscapeRight";
				LD_RUNPATH_SEARCH_PATHS = (
					"$(inherited)",
					"@executable_path/Frameworks",
				);
				MARKETING_VERSION = 1.0;
				PRODUCT_BUNDLE_IDENTIFIER = "personal.demo-ios";
				PRODUCT_NAME = "$(TARGET_NAME)";
				SWIFT_EMIT_LOC_STRINGS = YES;
				SWIFT_VERSION = 5.0;
				TARGETED_DEVICE_FAMILY = "1,2";
			};
			name = Release;
		};
		22EF1C4F2C3A297C00A2E825 /* Debug */ = {
			isa = XCBuildConfiguration;
			buildSettings = {
				ALWAYS_EMBED_SWIFT_STANDARD_LIBRARIES = YES;
				BUNDLE_LOADER = "$(TEST_HOST)";
				CODE_SIGN_STYLE = Automatic;
				CURRENT_PROJECT_VERSION = 1;
				GENERATE_INFOPLIST_FILE = YES;
				IPHONEOS_DEPLOYMENT_TARGET = 17.5;
				MARKETING_VERSION = 1.0;
				PRODUCT_BUNDLE_IDENTIFIER = "personal.demo-iosTests";
				PRODUCT_NAME = "$(TARGET_NAME)";
				SWIFT_EMIT_LOC_STRINGS = NO;
				SWIFT_VERSION = 5.0;
				TARGETED_DEVICE_FAMILY = "1,2";
				TEST_HOST = "$(BUILT_PRODUCTS_DIR)/demo-ios.app/$(BUNDLE_EXECUTABLE_FOLDER_PATH)/demo-ios";
			};
			name = Debug;
		};
		22EF1C502C3A297C00A2E825 /* Release */ = {
			isa = XCBuildConfiguration;
			buildSettings = {
				ALWAYS_EMBED_SWIFT_STANDARD_LIBRARIES = YES;
				BUNDLE_LOADER = "$(TEST_HOST)";
				CODE_SIGN_STYLE = Automatic;
				CURRENT_PROJECT_VERSION = 1;
				GENERATE_INFOPLIST_FILE = YES;
				IPHONEOS_DEPLOYMENT_TARGET = 17.5;
				MARKETING_VERSION = 1.0;
				PRODUCT_BUNDLE_IDENTIFIER = "personal.demo-iosTests";
				PRODUCT_NAME = "$(TARGET_NAME)";
				SWIFT_EMIT_LOC_STRINGS = NO;
				SWIFT_VERSION = 5.0;
				TARGETED_DEVICE_FAMILY = "1,2";
				TEST_HOST = "$(BUILT_PRODUCTS_DIR)/demo-ios.app/$(BUNDLE_EXECUTABLE_FOLDER_PATH)/demo-ios";
			};
			name = Release;
		};
		22EF1C522C3A297C00A2E825 /* Debug */ = {
			isa = XCBuildConfiguration;
			buildSettings = {
				ALWAYS_EMBED_SWIFT_STANDARD_LIBRARIES = YES;
				CODE_SIGN_STYLE = Automatic;
				CURRENT_PROJECT_VERSION = 1;
				GENERATE_INFOPLIST_FILE = YES;
				MARKETING_VERSION = 1.0;
				PRODUCT_BUNDLE_IDENTIFIER = "personal.demo-iosUITests";
				PRODUCT_NAME = "$(TARGET_NAME)";
				SWIFT_EMIT_LOC_STRINGS = NO;
				SWIFT_VERSION = 5.0;
				TARGETED_DEVICE_FAMILY = "1,2";
				TEST_TARGET_NAME = "demo-ios";
			};
			name = Debug;
		};
		22EF1C532C3A297C00A2E825 /* Release */ = {
			isa = XCBuildConfiguration;
			buildSettings = {
				ALWAYS_EMBED_SWIFT_STANDARD_LIBRARIES = YES;
				CODE_SIGN_STYLE = Automatic;
				CURRENT_PROJECT_VERSION = 1;
				GENERATE_INFOPLIST_FILE = YES;
				MARKETING_VERSION = 1.0;
				PRODUCT_BUNDLE_IDENTIFIER = "personal.demo-iosUITests";
				PRODUCT_NAME = "$(TARGET_NAME)";
				SWIFT_EMIT_LOC_STRINGS = NO;
				SWIFT_VERSION = 5.0;
				TARGETED_DEVICE_FAMILY = "1,2";
				TEST_TARGET_NAME = "demo-ios";
			};
			name = Release;
		};
/* End XCBuildConfiguration section */

/* Begin XCConfigurationList section */
		22EF1C222C3A297A00A2E825 /* Build configuration list for PBXProject "demo-ios" */ = {
			isa = XCConfigurationList;
			buildConfigurations = (
				22EF1C492C3A297C00A2E825 /* Debug */,
				22EF1C4A2C3A297C00A2E825 /* Release */,
			);
			defaultConfigurationIsVisible = 0;
			defaultConfigurationName = Release;
		};
		22EF1C4B2C3A297C00A2E825 /* Build configuration list for PBXNativeTarget "demo-ios" */ = {
			isa = XCConfigurationList;
			buildConfigurations = (
				22EF1C4C2C3A297C00A2E825 /* Debug */,
				22EF1C4D2C3A297C00A2E825 /* Release */,
			);
			defaultConfigurationIsVisible = 0;
			defaultConfigurationName = Release;
		};
		22EF1C4E2C3A297C00A2E825 /* Build configuration list for PBXNativeTarget "demo-iosTests" */ = {
			isa = XCConfigurationList;
			buildConfigurations = (
				22EF1C4F2C3A297C00A2E825 /* Debug */,
				22EF1C502C3A297C00A2E825 /* Release */,
			);
			defaultConfigurationIsVisible = 0;
			defaultConfigurationName = Release;
		};
		22EF1C512C3A297C00A2E825 /* Build configuration list for PBXNativeTarget "demo-iosUITests" */ = {
			isa = XCConfigurationList;
			buildConfigurations = (
				22EF1C522C3A297C00A2E825 /* Debug */,
				22EF1C532C3A297C00A2E825 /* Release */,
			);
			defaultConfigurationIsVisible = 0;
			defaultConfigurationName = Release;
		};
/* End XCConfigurationList section */
	};
	rootObject = 22EF1C1F2C3A297A00A2E825 /* Project object */;
}
